{
  "requires": true,
  "lockfileVersion": 1,
  "dependencies": {
    "debug": {
      "version": "4.1.0",
      "resolved": "https://registry.npmjs.org/debug/-/debug-4.1.0.tgz",
      "integrity": "sha512-heNPJUJIqC+xB6ayLAMHaIrmN9HKa7aQO8MGqKpvCA+uJYVcvR6l5kgdrhRuwPFHU7P5/A1w0BjByPHwpfTDKg==",
      "requires": {
        "ms": "2.1.1"
      }
    },
    "ms": {
      "version": "2.1.1",
      "resolved": "https://registry.npmjs.org/ms/-/ms-2.1.1.tgz",
      "integrity": "sha512-tgp+dl5cGk28utYktBsrFqA7HKgrhgPsg6Z/EfhWI4gl1Hwq8B/GmY/0oXZ6nF8hDVesS/FpnYaD/kOWhYQvyg=="
    },
    "simple-git": {
      "version": "1.105.0",
      "resolved": "https://registry.npmjs.org/simple-git/-/simple-git-1.105.0.tgz",
      "integrity": "sha512-ZrGcCPRIKCm6Q8gNJ+gx+leHqaokKpXae6K9lZpVD4sfeA2/rVvxcIR4KVVujNOmA6wHE2xaQ0GQWuIY88o6pA==",
      "requires": {
        "debug": "4.1.0"
      }
    }
  }
}
